// !$*UTF8*$!
{
	archiveVersion = 1;
	classes = {
	};
	objectVersion = 48;
	objects = {

/* Begin PBXBuildFile section */
		0F2FD1441F8DD2BD00E3202D /* UIImageView+loadFromUrl.swift in Sources */ = {isa = PBXBuildFile; fileRef = 0F2FD1431F8DD2BD00E3202D /* UIImageView+loadFromUrl.swift */; };
		0F5572511F8E6741004CD225 /* RecipeDetailController.swift in Sources */ = {isa = PBXBuildFile; fileRef = 0F5572501F8E6741004CD225 /* RecipeDetailController.swift */; };
		0F5572531F8E6DE4004CD225 /* RecipeWebView.swift in Sources */ = {isa = PBXBuildFile; fileRef = 0F5572521F8E6DE4004CD225 /* RecipeWebView.swift */; };
		0F71E0D91F8D41EB003D9128 /* AppDelegate.swift in Sources */ = {isa = PBXBuildFile; fileRef = 0F71E0D81F8D41EB003D9128 /* AppDelegate.swift */; };
		0F71E0DB1F8D41EB003D9128 /* SearchViewController.swift in Sources */ = {isa = PBXBuildFile; fileRef = 0F71E0DA1F8D41EB003D9128 /* SearchViewController.swift */; };
		0F71E0DE1F8D41EB003D9128 /* Main.storyboard in Resources */ = {isa = PBXBuildFile; fileRef = 0F71E0DC1F8D41EB003D9128 /* Main.storyboard */; };
		0F71E0E01F8D41EB003D9128 /* Assets.xcassets in Resources */ = {isa = PBXBuildFile; fileRef = 0F71E0DF1F8D41EB003D9128 /* Assets.xcassets */; };
		0F71E0E31F8D41EB003D9128 /* LaunchScreen.storyboard in Resources */ = {isa = PBXBuildFile; fileRef = 0F71E0E11F8D41EB003D9128 /* LaunchScreen.storyboard */; };
		0F71E0EE1F8D41EB003D9128 /* LetMeRecipeTests.swift in Sources */ = {isa = PBXBuildFile; fileRef = 0F71E0ED1F8D41EB003D9128 /* LetMeRecipeTests.swift */; };
		0F71E0F91F8D41EC003D9128 /* LetMeRecipeUITests.swift in Sources */ = {isa = PBXBuildFile; fileRef = 0F71E0F81F8D41EC003D9128 /* LetMeRecipeUITests.swift */; };
		0FB6CB141F8E9E2C00BD7BB8 /* NothingFoundCell.swift in Sources */ = {isa = PBXBuildFile; fileRef = 0FB6CB131F8E9E2C00BD7BB8 /* NothingFoundCell.swift */; };
		0FB6CB161F8E9E3700BD7BB8 /* LoadingCell.swift in Sources */ = {isa = PBXBuildFile; fileRef = 0FB6CB151F8E9E3700BD7BB8 /* LoadingCell.swift */; };
		0FCD2C551F8DC9E100394147 /* RecipeCell.swift in Sources */ = {isa = PBXBuildFile; fileRef = 0FCD2C541F8DC9E100394147 /* RecipeCell.swift */; };
		0FD7B6F31F8D461D0039372E /* DataRequest.swift in Sources */ = {isa = PBXBuildFile; fileRef = 0FD7B6F21F8D461D0039372E /* DataRequest.swift */; };
		0FD7B6F51F8D46A80039372E /* RecipeList.swift in Sources */ = {isa = PBXBuildFile; fileRef = 0FD7B6F41F8D46A80039372E /* RecipeList.swift */; };
		0FD7B6F71F8D5A220039372E /* Test.swift in Sources */ = {isa = PBXBuildFile; fileRef = 0FD7B6F61F8D5A220039372E /* Test.swift */; };
		8D667EDEE75C10D92C8AB358 /* Pods_LetMeRecipeTests.framework in Frameworks */ = {isa = PBXBuildFile; fileRef = 258B3D09DCCC5B32B8BED6C8 /* Pods_LetMeRecipeTests.framework */; };
		A8A14518E70C01EB9CAC31C1 /* Pods_LetMeRecipeUITests.framework in Frameworks */ = {isa = PBXBuildFile; fileRef = 7CC3AB8CEA2D7B7CC870A8EC /* Pods_LetMeRecipeUITests.framework */; };
		FFCA00AEC7560D5C9E371DBD /* Pods_LetMeRecipe.framework in Frameworks */ = {isa = PBXBuildFile; fileRef = F0A5D0C30B2E93B1CBEFF2E4 /* Pods_LetMeRecipe.framework */; };
/* End PBXBuildFile section */

/* Begin PBXContainerItemProxy section */
		0F71E0EA1F8D41EB003D9128 /* PBXContainerItemProxy */ = {
			isa = PBXContainerItemProxy;
			containerPortal = 0F71E0CD1F8D41EB003D9128 /* Project object */;
			proxyType = 1;
			remoteGlobalIDString = 0F71E0D41F8D41EB003D9128;
			remoteInfo = LetMeRecipe;
		};
		0F71E0F51F8D41EC003D9128 /* PBXContainerItemProxy */ = {
			isa = PBXContainerItemProxy;
			containerPortal = 0F71E0CD1F8D41EB003D9128 /* Project object */;
			proxyType = 1;
			remoteGlobalIDString = 0F71E0D41F8D41EB003D9128;
			remoteInfo = LetMeRecipe;
		};
/* End PBXContainerItemProxy section */

/* Begin PBXFileReference section */
		0F2FD1431F8DD2BD00E3202D /* UIImageView+loadFromUrl.swift */ = {isa = PBXFileReference; lastKnownFileType = sourcecode.swift; path = "UIImageView+loadFromUrl.swift"; sourceTree = "<group>"; };
		0F5572501F8E6741004CD225 /* RecipeDetailController.swift */ = {isa = PBXFileReference; lastKnownFileType = sourcecode.swift; path = RecipeDetailController.swift; sourceTree = "<group>"; };
		0F5572521F8E6DE4004CD225 /* RecipeWebView.swift */ = {isa = PBXFileReference; lastKnownFileType = sourcecode.swift; path = RecipeWebView.swift; sourceTree = "<group>"; };
		0F71E0D51F8D41EB003D9128 /* LetMeRecipe.app */ = {isa = PBXFileReference; explicitFileType = wrapper.application; includeInIndex = 0; path = LetMeRecipe.app; sourceTree = BUILT_PRODUCTS_DIR; };
		0F71E0D81F8D41EB003D9128 /* AppDelegate.swift */ = {isa = PBXFileReference; lastKnownFileType = sourcecode.swift; path = AppDelegate.swift; sourceTree = "<group>"; };
		0F71E0DA1F8D41EB003D9128 /* SearchViewController.swift */ = {isa = PBXFileReference; lastKnownFileType = sourcecode.swift; path = SearchViewController.swift; sourceTree = "<group>"; };
		0F71E0DD1F8D41EB003D9128 /* Base */ = {isa = PBXFileReference; lastKnownFileType = file.storyboard; name = Base; path = Base.lproj/Main.storyboard; sourceTree = "<group>"; };
		0F71E0DF1F8D41EB003D9128 /* Assets.xcassets */ = {isa = PBXFileReference; lastKnownFileType = folder.assetcatalog; path = Assets.xcassets; sourceTree = "<group>"; };
		0F71E0E21F8D41EB003D9128 /* Base */ = {isa = PBXFileReference; lastKnownFileType = file.storyboard; name = Base; path = Base.lproj/LaunchScreen.storyboard; sourceTree = "<group>"; };
		0F71E0E41F8D41EB003D9128 /* Info.plist */ = {isa = PBXFileReference; lastKnownFileType = text.plist.xml; path = Info.plist; sourceTree = "<group>"; };
		0F71E0E91F8D41EB003D9128 /* LetMeRecipeTests.xctest */ = {isa = PBXFileReference; explicitFileType = wrapper.cfbundle; includeInIndex = 0; path = LetMeRecipeTests.xctest; sourceTree = BUILT_PRODUCTS_DIR; };
		0F71E0ED1F8D41EB003D9128 /* LetMeRecipeTests.swift */ = {isa = PBXFileReference; lastKnownFileType = sourcecode.swift; path = LetMeRecipeTests.swift; sourceTree = "<group>"; };
		0F71E0EF1F8D41EB003D9128 /* Info.plist */ = {isa = PBXFileReference; lastKnownFileType = text.plist.xml; path = Info.plist; sourceTree = "<group>"; };
		0F71E0F41F8D41EC003D9128 /* LetMeRecipeUITests.xctest */ = {isa = PBXFileReference; explicitFileType = wrapper.cfbundle; includeInIndex = 0; path = LetMeRecipeUITests.xctest; sourceTree = BUILT_PRODUCTS_DIR; };
		0F71E0F81F8D41EC003D9128 /* LetMeRecipeUITests.swift */ = {isa = PBXFileReference; lastKnownFileType = sourcecode.swift; path = LetMeRecipeUITests.swift; sourceTree = "<group>"; };
		0F71E0FA1F8D41EC003D9128 /* Info.plist */ = {isa = PBXFileReference; lastKnownFileType = text.plist.xml; path = Info.plist; sourceTree = "<group>"; };
		0FB6CB131F8E9E2C00BD7BB8 /* NothingFoundCell.swift */ = {isa = PBXFileReference; lastKnownFileType = sourcecode.swift; path = NothingFoundCell.swift; sourceTree = "<group>"; };
		0FB6CB151F8E9E3700BD7BB8 /* LoadingCell.swift */ = {isa = PBXFileReference; lastKnownFileType = sourcecode.swift; path = LoadingCell.swift; sourceTree = "<group>"; };
		0FCD2C541F8DC9E100394147 /* RecipeCell.swift */ = {isa = PBXFileReference; lastKnownFileType = sourcecode.swift; path = RecipeCell.swift; sourceTree = "<group>"; };
		0FD7B6F21F8D461D0039372E /* DataRequest.swift */ = {isa = PBXFileReference; lastKnownFileType = sourcecode.swift; path = DataRequest.swift; sourceTree = "<group>"; };
		0FD7B6F41F8D46A80039372E /* RecipeList.swift */ = {isa = PBXFileReference; lastKnownFileType = sourcecode.swift; path = RecipeList.swift; sourceTree = "<group>"; };
		0FD7B6F61F8D5A220039372E /* Test.swift */ = {isa = PBXFileReference; lastKnownFileType = sourcecode.swift; path = Test.swift; sourceTree = "<group>"; };
		21BFF4284403B555732FF3F2 /* Pods-LetMeRecipeTests.release.xcconfig */ = {isa = PBXFileReference; includeInIndex = 1; lastKnownFileType = text.xcconfig; name = "Pods-LetMeRecipeTests.release.xcconfig"; path = "Pods/Target Support Files/Pods-LetMeRecipeTests/Pods-LetMeRecipeTests.release.xcconfig"; sourceTree = "<group>"; };
		258B3D09DCCC5B32B8BED6C8 /* Pods_LetMeRecipeTests.framework */ = {isa = PBXFileReference; explicitFileType = wrapper.framework; includeInIndex = 0; path = Pods_LetMeRecipeTests.framework; sourceTree = BUILT_PRODUCTS_DIR; };
		411AF0DFDC6DB953681D7A0D /* Pods-LetMeRecipeUITests.release.xcconfig */ = {isa = PBXFileReference; includeInIndex = 1; lastKnownFileType = text.xcconfig; name = "Pods-LetMeRecipeUITests.release.xcconfig"; path = "Pods/Target Support Files/Pods-LetMeRecipeUITests/Pods-LetMeRecipeUITests.release.xcconfig"; sourceTree = "<group>"; };
		7CC3AB8CEA2D7B7CC870A8EC /* Pods_LetMeRecipeUITests.framework */ = {isa = PBXFileReference; explicitFileType = wrapper.framework; includeInIndex = 0; path = Pods_LetMeRecipeUITests.framework; sourceTree = BUILT_PRODUCTS_DIR; };
		80FB3EA2B81F02A385C06621 /* Pods-LetMeRecipe.debug.xcconfig */ = {isa = PBXFileReference; includeInIndex = 1; lastKnownFileType = text.xcconfig; name = "Pods-LetMeRecipe.debug.xcconfig"; path = "Pods/Target Support Files/Pods-LetMeRecipe/Pods-LetMeRecipe.debug.xcconfig"; sourceTree = "<group>"; };
		BF4BAA37B7C2B649C9F2CE22 /* Pods-LetMeRecipeUITests.debug.xcconfig */ = {isa = PBXFileReference; includeInIndex = 1; lastKnownFileType = text.xcconfig; name = "Pods-LetMeRecipeUITests.debug.xcconfig"; path = "Pods/Target Support Files/Pods-LetMeRecipeUITests/Pods-LetMeRecipeUITests.debug.xcconfig"; sourceTree = "<group>"; };
		C3A3552D3819FF6AC1E73A09 /* Pods-LetMeRecipe.release.xcconfig */ = {isa = PBXFileReference; includeInIndex = 1; lastKnownFileType = text.xcconfig; name = "Pods-LetMeRecipe.release.xcconfig"; path = "Pods/Target Support Files/Pods-LetMeRecipe/Pods-LetMeRecipe.release.xcconfig"; sourceTree = "<group>"; };
		DE2C83C7D02FCF2BB083190D /* Pods-LetMeRecipeTests.debug.xcconfig */ = {isa = PBXFileReference; includeInIndex = 1; lastKnownFileType = text.xcconfig; name = "Pods-LetMeRecipeTests.debug.xcconfig"; path = "Pods/Target Support Files/Pods-LetMeRecipeTests/Pods-LetMeRecipeTests.debug.xcconfig"; sourceTree = "<group>"; };
		F0A5D0C30B2E93B1CBEFF2E4 /* Pods_LetMeRecipe.framework */ = {isa = PBXFileReference; explicitFileType = wrapper.framework; includeInIndex = 0; path = Pods_LetMeRecipe.framework; sourceTree = BUILT_PRODUCTS_DIR; };
/* End PBXFileReference section */

/* Begin PBXFrameworksBuildPhase section */
		0F71E0D21F8D41EB003D9128 /* Frameworks */ = {
			isa = PBXFrameworksBuildPhase;
			buildActionMask = 2147483647;
			files = (
				FFCA00AEC7560D5C9E371DBD /* Pods_LetMeRecipe.framework in Frameworks */,
			);
			runOnlyForDeploymentPostprocessing = 0;
		};
		0F71E0E61F8D41EB003D9128 /* Frameworks */ = {
			isa = PBXFrameworksBuildPhase;
			buildActionMask = 2147483647;
			files = (
				8D667EDEE75C10D92C8AB358 /* Pods_LetMeRecipeTests.framework in Frameworks */,
			);
			runOnlyForDeploymentPostprocessing = 0;
		};
		0F71E0F11F8D41EB003D9128 /* Frameworks */ = {
			isa = PBXFrameworksBuildPhase;
			buildActionMask = 2147483647;
			files = (
				A8A14518E70C01EB9CAC31C1 /* Pods_LetMeRecipeUITests.framework in Frameworks */,
			);
			runOnlyForDeploymentPostprocessing = 0;
		};
/* End PBXFrameworksBuildPhase section */

/* Begin PBXGroup section */
		0DDF9CD9D0E5A5BC00EED575 /* Pods */ = {
			isa = PBXGroup;
			children = (
				80FB3EA2B81F02A385C06621 /* Pods-LetMeRecipe.debug.xcconfig */,
				C3A3552D3819FF6AC1E73A09 /* Pods-LetMeRecipe.release.xcconfig */,
				DE2C83C7D02FCF2BB083190D /* Pods-LetMeRecipeTests.debug.xcconfig */,
				21BFF4284403B555732FF3F2 /* Pods-LetMeRecipeTests.release.xcconfig */,
				BF4BAA37B7C2B649C9F2CE22 /* Pods-LetMeRecipeUITests.debug.xcconfig */,
				411AF0DFDC6DB953681D7A0D /* Pods-LetMeRecipeUITests.release.xcconfig */,
			);
			name = Pods;
			sourceTree = "<group>";
		};
		0F2FD1421F8DD2A700E3202D /* Helper */ = {
			isa = PBXGroup;
			children = (
				0FD7B6F21F8D461D0039372E /* DataRequest.swift */,
				0F2FD1431F8DD2BD00E3202D /* UIImageView+loadFromUrl.swift */,
			);
			path = Helper;
			sourceTree = "<group>";
		};
		0F71E0CC1F8D41EB003D9128 = {
			isa = PBXGroup;
			children = (
				0F71E0D71F8D41EB003D9128 /* LetMeRecipe */,
				0F71E0EC1F8D41EB003D9128 /* LetMeRecipeTests */,
				0F71E0F71F8D41EC003D9128 /* LetMeRecipeUITests */,
				0F71E0D61F8D41EB003D9128 /* Products */,
				0DDF9CD9D0E5A5BC00EED575 /* Pods */,
				E8A8CE96FA27C2110F2F55A8 /* Frameworks */,
			);
			sourceTree = "<group>";
		};
		0F71E0D61F8D41EB003D9128 /* Products */ = {
			isa = PBXGroup;
			children = (
				0F71E0D51F8D41EB003D9128 /* LetMeRecipe.app */,
				0F71E0E91F8D41EB003D9128 /* LetMeRecipeTests.xctest */,
				0F71E0F41F8D41EC003D9128 /* LetMeRecipeUITests.xctest */,
			);
			name = Products;
			sourceTree = "<group>";
		};
		0F71E0D71F8D41EB003D9128 /* LetMeRecipe */ = {
			isa = PBXGroup;
			children = (
				0F2FD1421F8DD2A700E3202D /* Helper */,
				0FCD2C511F8DB04200394147 /* Layout */,
				0FCD2C4E1F8DAF7400394147 /* Controller */,
				0FCD2C4D1F8DAD3D00394147 /* Model */,
				0F71E0D81F8D41EB003D9128 /* AppDelegate.swift */,
				0F71E0DC1F8D41EB003D9128 /* Main.storyboard */,
				0F71E0DF1F8D41EB003D9128 /* Assets.xcassets */,
				0F71E0E11F8D41EB003D9128 /* LaunchScreen.storyboard */,
				0F71E0E41F8D41EB003D9128 /* Info.plist */,
				0FD7B6F61F8D5A220039372E /* Test.swift */,
			);
			path = LetMeRecipe;
			sourceTree = "<group>";
		};
		0F71E0EC1F8D41EB003D9128 /* LetMeRecipeTests */ = {
			isa = PBXGroup;
			children = (
				0F71E0ED1F8D41EB003D9128 /* LetMeRecipeTests.swift */,
				0F71E0EF1F8D41EB003D9128 /* Info.plist */,
			);
			path = LetMeRecipeTests;
			sourceTree = "<group>";
		};
		0F71E0F71F8D41EC003D9128 /* LetMeRecipeUITests */ = {
			isa = PBXGroup;
			children = (
				0F71E0F81F8D41EC003D9128 /* LetMeRecipeUITests.swift */,
				0F71E0FA1F8D41EC003D9128 /* Info.plist */,
			);
			path = LetMeRecipeUITests;
			sourceTree = "<group>";
		};
		0FCD2C4D1F8DAD3D00394147 /* Model */ = {
			isa = PBXGroup;
			children = (
				0FD7B6F41F8D46A80039372E /* RecipeList.swift */,
			);
			path = Model;
			sourceTree = "<group>";
		};
		0FCD2C4E1F8DAF7400394147 /* Controller */ = {
			isa = PBXGroup;
			children = (
				0F71E0DA1F8D41EB003D9128 /* SearchViewController.swift */,
				0F5572501F8E6741004CD225 /* RecipeDetailController.swift */,
				0F5572521F8E6DE4004CD225 /* RecipeWebView.swift */,
			);
			path = Controller;
			sourceTree = "<group>";
		};
		0FCD2C511F8DB04200394147 /* Layout */ = {
			isa = PBXGroup;
			children = (
				0FCD2C541F8DC9E100394147 /* RecipeCell.swift */,
				0FB6CB131F8E9E2C00BD7BB8 /* NothingFoundCell.swift */,
				0FB6CB151F8E9E3700BD7BB8 /* LoadingCell.swift */,
			);
			path = Layout;
			sourceTree = "<group>";
		};
		E8A8CE96FA27C2110F2F55A8 /* Frameworks */ = {
			isa = PBXGroup;
			children = (
				F0A5D0C30B2E93B1CBEFF2E4 /* Pods_LetMeRecipe.framework */,
				258B3D09DCCC5B32B8BED6C8 /* Pods_LetMeRecipeTests.framework */,
				7CC3AB8CEA2D7B7CC870A8EC /* Pods_LetMeRecipeUITests.framework */,
			);
			name = Frameworks;
			sourceTree = "<group>";
		};
/* End PBXGroup section */

/* Begin PBXNativeTarget section */
		0F71E0D41F8D41EB003D9128 /* LetMeRecipe */ = {
			isa = PBXNativeTarget;
			buildConfigurationList = 0F71E0FD1F8D41EC003D9128 /* Build configuration list for PBXNativeTarget "LetMeRecipe" */;
			buildPhases = (
				EA3F032E2B14B14C857DB2D7 /* [CP] Check Pods Manifest.lock */,
				0F71E0D11F8D41EB003D9128 /* Sources */,
				0F71E0D21F8D41EB003D9128 /* Frameworks */,
				0F71E0D31F8D41EB003D9128 /* Resources */,
				1C8F388FFBAE844698C594E6 /* [CP] Embed Pods Frameworks */,
				88C574609D1D0181292A671F /* [CP] Copy Pods Resources */,
			);
			buildRules = (
			);
			dependencies = (
			);
			name = LetMeRecipe;
			productName = LetMeRecipe;
			productReference = 0F71E0D51F8D41EB003D9128 /* LetMeRecipe.app */;
			productType = "com.apple.product-type.application";
		};
		0F71E0E81F8D41EB003D9128 /* LetMeRecipeTests */ = {
			isa = PBXNativeTarget;
			buildConfigurationList = 0F71E1001F8D41EC003D9128 /* Build configuration list for PBXNativeTarget "LetMeRecipeTests" */;
			buildPhases = (
				BF3CA66F72E8CD139E9366DD /* [CP] Check Pods Manifest.lock */,
				0F71E0E51F8D41EB003D9128 /* Sources */,
				0F71E0E61F8D41EB003D9128 /* Frameworks */,
				0F71E0E71F8D41EB003D9128 /* Resources */,
				19750252DA7BB45D8732AE9C /* [CP] Embed Pods Frameworks */,
				16E220503A5CDCB4A851BE02 /* [CP] Copy Pods Resources */,
			);
			buildRules = (
			);
			dependencies = (
				0F71E0EB1F8D41EB003D9128 /* PBXTargetDependency */,
			);
			name = LetMeRecipeTests;
			productName = LetMeRecipeTests;
			productReference = 0F71E0E91F8D41EB003D9128 /* LetMeRecipeTests.xctest */;
			productType = "com.apple.product-type.bundle.unit-test";
		};
		0F71E0F31F8D41EB003D9128 /* LetMeRecipeUITests */ = {
			isa = PBXNativeTarget;
			buildConfigurationList = 0F71E1031F8D41EC003D9128 /* Build configuration list for PBXNativeTarget "LetMeRecipeUITests" */;
			buildPhases = (
				333CCE67AE0A76B93AF9C147 /* [CP] Check Pods Manifest.lock */,
				0F71E0F01F8D41EB003D9128 /* Sources */,
				0F71E0F11F8D41EB003D9128 /* Frameworks */,
				0F71E0F21F8D41EB003D9128 /* Resources */,
				840C8886FC60F9B54D9737E5 /* [CP] Embed Pods Frameworks */,
				BE3D5E94D4A66D31F53AC817 /* [CP] Copy Pods Resources */,
			);
			buildRules = (
			);
			dependencies = (
				0F71E0F61F8D41EC003D9128 /* PBXTargetDependency */,
			);
			name = LetMeRecipeUITests;
			productName = LetMeRecipeUITests;
			productReference = 0F71E0F41F8D41EC003D9128 /* LetMeRecipeUITests.xctest */;
			productType = "com.apple.product-type.bundle.ui-testing";
		};
/* End PBXNativeTarget section */

/* Begin PBXProject section */
		0F71E0CD1F8D41EB003D9128 /* Project object */ = {
			isa = PBXProject;
			attributes = {
				LastSwiftUpdateCheck = 0900;
				LastUpgradeCheck = 0900;
				ORGANIZATIONNAME = "Dorde Ljubinkovic";
				TargetAttributes = {
					0F71E0D41F8D41EB003D9128 = {
						CreatedOnToolsVersion = 9.0;
						ProvisioningStyle = Automatic;
					};
					0F71E0E81F8D41EB003D9128 = {
						CreatedOnToolsVersion = 9.0;
						ProvisioningStyle = Automatic;
						TestTargetID = 0F71E0D41F8D41EB003D9128;
					};
					0F71E0F31F8D41EB003D9128 = {
						CreatedOnToolsVersion = 9.0;
						ProvisioningStyle = Automatic;
						TestTargetID = 0F71E0D41F8D41EB003D9128;
					};
				};
			};
			buildConfigurationList = 0F71E0D01F8D41EB003D9128 /* Build configuration list for PBXProject "LetMeRecipe" */;
			compatibilityVersion = "Xcode 8.0";
			developmentRegion = en;
			hasScannedForEncodings = 0;
			knownRegions = (
				en,
				Base,
			);
			mainGroup = 0F71E0CC1F8D41EB003D9128;
			productRefGroup = 0F71E0D61F8D41EB003D9128 /* Products */;
			projectDirPath = "";
			projectRoot = "";
			targets = (
				0F71E0D41F8D41EB003D9128 /* LetMeRecipe */,
				0F71E0E81F8D41EB003D9128 /* LetMeRecipeTests */,
				0F71E0F31F8D41EB003D9128 /* LetMeRecipeUITests */,
			);
		};
/* End PBXProject section */

/* Begin PBXResourcesBuildPhase section */
		0F71E0D31F8D41EB003D9128 /* Resources */ = {
			isa = PBXResourcesBuildPhase;
			buildActionMask = 2147483647;
			files = (
				0F71E0E31F8D41EB003D9128 /* LaunchScreen.storyboard in Resources */,
				0F71E0E01F8D41EB003D9128 /* Assets.xcassets in Resources */,
				0F71E0DE1F8D41EB003D9128 /* Main.storyboard in Resources */,
			);
			runOnlyForDeploymentPostprocessing = 0;
		};
		0F71E0E71F8D41EB003D9128 /* Resources */ = {
			isa = PBXResourcesBuildPhase;
			buildActionMask = 2147483647;
			files = (
			);
			runOnlyForDeploymentPostprocessing = 0;
		};
		0F71E0F21F8D41EB003D9128 /* Resources */ = {
			isa = PBXResourcesBuildPhase;
			buildActionMask = 2147483647;
			files = (
			);
			runOnlyForDeploymentPostprocessing = 0;
		};
/* End PBXResourcesBuildPhase section */

/* Begin PBXShellScriptBuildPhase section */
		16E220503A5CDCB4A851BE02 /* [CP] Copy Pods Resources */ = {
			isa = PBXShellScriptBuildPhase;
			buildActionMask = 2147483647;
			files = (
			);
			inputPaths = (
			);
			name = "[CP] Copy Pods Resources";
			outputPaths = (
			);
			runOnlyForDeploymentPostprocessing = 0;
			shellPath = /bin/sh;
			shellScript = "\"${SRCROOT}/Pods/Target Support Files/Pods-LetMeRecipeTests/Pods-LetMeRecipeTests-resources.sh\"\n";
			showEnvVarsInLog = 0;
		};
		19750252DA7BB45D8732AE9C /* [CP] Embed Pods Frameworks */ = {
			isa = PBXShellScriptBuildPhase;
			buildActionMask = 2147483647;
			files = (
			);
			inputPaths = (
			);
			name = "[CP] Embed Pods Frameworks";
			outputPaths = (
			);
			runOnlyForDeploymentPostprocessing = 0;
			shellPath = /bin/sh;
			shellScript = "\"${SRCROOT}/Pods/Target Support Files/Pods-LetMeRecipeTests/Pods-LetMeRecipeTests-frameworks.sh\"\n";
			showEnvVarsInLog = 0;
		};
		1C8F388FFBAE844698C594E6 /* [CP] Embed Pods Frameworks */ = {
			isa = PBXShellScriptBuildPhase;
			buildActionMask = 2147483647;
			files = (
			);
			inputPaths = (
				"${SRCROOT}/Pods/Target Support Files/Pods-LetMeRecipe/Pods-LetMeRecipe-frameworks.sh",
				"${BUILT_PRODUCTS_DIR}/Alamofire/Alamofire.framework",
				"${BUILT_PRODUCTS_DIR}/AlamofireImage/AlamofireImage.framework",
			);
			name = "[CP] Embed Pods Frameworks";
			outputPaths = (
				"${TARGET_BUILD_DIR}/${FRAMEWORKS_FOLDER_PATH}/Alamofire.framework",
				"${TARGET_BUILD_DIR}/${FRAMEWORKS_FOLDER_PATH}/AlamofireImage.framework",
			);
			runOnlyForDeploymentPostprocessing = 0;
			shellPath = /bin/sh;
			shellScript = "\"${SRCROOT}/Pods/Target Support Files/Pods-LetMeRecipe/Pods-LetMeRecipe-frameworks.sh\"\n";
			showEnvVarsInLog = 0;
		};
		333CCE67AE0A76B93AF9C147 /* [CP] Check Pods Manifest.lock */ = {
			isa = PBXShellScriptBuildPhase;
			buildActionMask = 2147483647;
			files = (
			);
			inputPaths = (
				"${PODS_PODFILE_DIR_PATH}/Podfile.lock",
				"${PODS_ROOT}/Manifest.lock",
			);
			name = "[CP] Check Pods Manifest.lock";
			outputPaths = (
				"$(DERIVED_FILE_DIR)/Pods-LetMeRecipeUITests-checkManifestLockResult.txt",
			);
			runOnlyForDeploymentPostprocessing = 0;
			shellPath = /bin/sh;
			shellScript = "diff \"${PODS_PODFILE_DIR_PATH}/Podfile.lock\" \"${PODS_ROOT}/Manifest.lock\" > /dev/null\nif [ $? != 0 ] ; then\n    # print error to STDERR\n    echo \"error: The sandbox is not in sync with the Podfile.lock. Run 'pod install' or update your CocoaPods installation.\" >&2\n    exit 1\nfi\n# This output is used by Xcode 'outputs' to avoid re-running this script phase.\necho \"SUCCESS\" > \"${SCRIPT_OUTPUT_FILE_0}\"\n";
			showEnvVarsInLog = 0;
		};
		840C8886FC60F9B54D9737E5 /* [CP] Embed Pods Frameworks */ = {
			isa = PBXShellScriptBuildPhase;
			buildActionMask = 2147483647;
			files = (
			);
			inputPaths = (
			);
			name = "[CP] Embed Pods Frameworks";
			outputPaths = (
			);
			runOnlyForDeploymentPostprocessing = 0;
			shellPath = /bin/sh;
			shellScript = "\"${SRCROOT}/Pods/Target Support Files/Pods-LetMeRecipeUITests/Pods-LetMeRecipeUITests-frameworks.sh\"\n";
			showEnvVarsInLog = 0;
		};
		88C574609D1D0181292A671F /* [CP] Copy Pods Resources */ = {
			isa = PBXShellScriptBuildPhase;
			buildActionMask = 2147483647;
			files = (
			);
			inputPaths = (
			);
			name = "[CP] Copy Pods Resources";
			outputPaths = (
			);
			runOnlyForDeploymentPostprocessing = 0;
			shellPath = /bin/sh;
			shellScript = "\"${SRCROOT}/Pods/Target Support Files/Pods-LetMeRecipe/Pods-LetMeRecipe-resources.sh\"\n";
			showEnvVarsInLog = 0;
		};
		BE3D5E94D4A66D31F53AC817 /* [CP] Copy Pods Resources */ = {
			isa = PBXShellScriptBuildPhase;
			buildActionMask = 2147483647;
			files = (
			);
			inputPaths = (
			);
			name = "[CP] Copy Pods Resources";
			outputPaths = (
			);
			runOnlyForDeploymentPostprocessing = 0;
			shellPath = /bin/sh;
			shellScript = "\"${SRCROOT}/Pods/Target Support Files/Pods-LetMeRecipeUITests/Pods-LetMeRecipeUITests-resources.sh\"\n";
			showEnvVarsInLog = 0;
		};
		BF3CA66F72E8CD139E9366DD /* [CP] Check Pods Manifest.lock */ = {
			isa = PBXShellScriptBuildPhase;
			buildActionMask = 2147483647;
			files = (
			);
			inputPaths = (
				"${PODS_PODFILE_DIR_PATH}/Podfile.lock",
				"${PODS_ROOT}/Manifest.lock",
			);
			name = "[CP] Check Pods Manifest.lock";
			outputPaths = (
				"$(DERIVED_FILE_DIR)/Pods-LetMeRecipeTests-checkManifestLockResult.txt",
			);
			runOnlyForDeploymentPostprocessing = 0;
			shellPath = /bin/sh;
			shellScript = "diff \"${PODS_PODFILE_DIR_PATH}/Podfile.lock\" \"${PODS_ROOT}/Manifest.lock\" > /dev/null\nif [ $? != 0 ] ; then\n    # print error to STDERR\n    echo \"error: The sandbox is not in sync with the Podfile.lock. Run 'pod install' or update your CocoaPods installation.\" >&2\n    exit 1\nfi\n# This output is used by Xcode 'outputs' to avoid re-running this script phase.\necho \"SUCCESS\" > \"${SCRIPT_OUTPUT_FILE_0}\"\n";
			showEnvVarsInLog = 0;
		};
		EA3F032E2B14B14C857DB2D7 /* [CP] Check Pods Manifest.lock */ = {
			isa = PBXShellScriptBuildPhase;
			buildActionMask = 2147483647;
			files = (
			);
			inputPaths = (
				"${PODS_PODFILE_DIR_PATH}/Podfile.lock",
				"${PODS_ROOT}/Manifest.lock",
			);
			name = "[CP] Check Pods Manifest.lock";
			outputPaths = (
				"$(DERIVED_FILE_DIR)/Pods-LetMeRecipe-checkManifestLockResult.txt",
			);
			runOnlyForDeploymentPostprocessing = 0;
			shellPath = /bin/sh;
			shellScript = "diff \"${PODS_PODFILE_DIR_PATH}/Podfile.lock\" \"${PODS_ROOT}/Manifest.lock\" > /dev/null\nif [ $? != 0 ] ; then\n    # print error to STDERR\n    echo \"error: The sandbox is not in sync with the Podfile.lock. Run 'pod install' or update your CocoaPods installation.\" >&2\n    exit 1\nfi\n# This output is used by Xcode 'outputs' to avoid re-running this script phase.\necho \"SUCCESS\" > \"${SCRIPT_OUTPUT_FILE_0}\"\n";
			showEnvVarsInLog = 0;
		};
/* End PBXShellScriptBuildPhase section */

/* Begin PBXSourcesBuildPhase section */
		0F71E0D11F8D41EB003D9128 /* Sources */ = {
			isa = PBXSourcesBuildPhase;
			buildActionMask = 2147483647;
			files = (
				0FD7B6F31F8D461D0039372E /* DataRequest.swift in Sources */,
				0F71E0DB1F8D41EB003D9128 /* SearchViewController.swift in Sources */,
				0FCD2C551F8DC9E100394147 /* RecipeCell.swift in Sources */,
				0FD7B6F71F8D5A220039372E /* Test.swift in Sources */,
				0F71E0D91F8D41EB003D9128 /* AppDelegate.swift in Sources */,
				0FB6CB161F8E9E3700BD7BB8 /* LoadingCell.swift in Sources */,
				0FD7B6F51F8D46A80039372E /* RecipeList.swift in Sources */,
				0F5572511F8E6741004CD225 /* RecipeDetailController.swift in Sources */,
				0F5572531F8E6DE4004CD225 /* RecipeWebView.swift in Sources */,
				0F2FD1441F8DD2BD00E3202D /* UIImageView+loadFromUrl.swift in Sources */,
				0FB6CB141F8E9E2C00BD7BB8 /* NothingFoundCell.swift in Sources */,
			);
			runOnlyForDeploymentPostprocessing = 0;
		};
		0F71E0E51F8D41EB003D9128 /* Sources */ = {
			isa = PBXSourcesBuildPhase;
			buildActionMask = 2147483647;
			files = (
				0F71E0EE1F8D41EB003D9128 /* LetMeRecipeTests.swift in Sources */,
			);
			runOnlyForDeploymentPostprocessing = 0;
		};
		0F71E0F01F8D41EB003D9128 /* Sources */ = {
			isa = PBXSourcesBuildPhase;
			buildActionMask = 2147483647;
			files = (
				0F71E0F91F8D41EC003D9128 /* LetMeRecipeUITests.swift in Sources */,
			);
			runOnlyForDeploymentPostprocessing = 0;
		};
/* End PBXSourcesBuildPhase section */

/* Begin PBXTargetDependency section */
		0F71E0EB1F8D41EB003D9128 /* PBXTargetDependency */ = {
			isa = PBXTargetDependency;
			target = 0F71E0D41F8D41EB003D9128 /* LetMeRecipe */;
			targetProxy = 0F71E0EA1F8D41EB003D9128 /* PBXContainerItemProxy */;
		};
		0F71E0F61F8D41EC003D9128 /* PBXTargetDependency */ = {
			isa = PBXTargetDependency;
			target = 0F71E0D41F8D41EB003D9128 /* LetMeRecipe */;
			targetProxy = 0F71E0F51F8D41EC003D9128 /* PBXContainerItemProxy */;
		};
/* End PBXTargetDependency section */

/* Begin PBXVariantGroup section */
		0F71E0DC1F8D41EB003D9128 /* Main.storyboard */ = {
			isa = PBXVariantGroup;
			children = (
				0F71E0DD1F8D41EB003D9128 /* Base */,
			);
			name = Main.storyboard;
			sourceTree = "<group>";
		};
		0F71E0E11F8D41EB003D9128 /* LaunchScreen.storyboard */ = {
			isa = PBXVariantGroup;
			children = (
				0F71E0E21F8D41EB003D9128 /* Base */,
			);
			name = LaunchScreen.storyboard;
			sourceTree = "<group>";
		};
/* End PBXVariantGroup section */

/* Begin XCBuildConfiguration section */
		0F71E0FB1F8D41EC003D9128 /* Debug */ = {
			isa = XCBuildConfiguration;
			buildSettings = {
				ALWAYS_SEARCH_USER_PATHS = NO;
				CLANG_ANALYZER_NONNULL = YES;
				CLANG_ANALYZER_NUMBER_OBJECT_CONVERSION = YES_AGGRESSIVE;
				CLANG_CXX_LANGUAGE_STANDARD = "gnu++14";
				CLANG_CXX_LIBRARY = "libc++";
				CLANG_ENABLE_MODULES = YES;
				CLANG_ENABLE_OBJC_ARC = YES;
				CLANG_WARN_BLOCK_CAPTURE_AUTORELEASING = YES;
				CLANG_WARN_BOOL_CONVERSION = YES;
				CLANG_WARN_COMMA = YES;
				CLANG_WARN_CONSTANT_CONVERSION = YES;
				CLANG_WARN_DIRECT_OBJC_ISA_USAGE = YES_ERROR;
				CLANG_WARN_DOCUMENTATION_COMMENTS = YES;
				CLANG_WARN_EMPTY_BODY = YES;
				CLANG_WARN_ENUM_CONVERSION = YES;
				CLANG_WARN_INFINITE_RECURSION = YES;
				CLANG_WARN_INT_CONVERSION = YES;
				CLANG_WARN_NON_LITERAL_NULL_CONVERSION = YES;
				CLANG_WARN_OBJC_LITERAL_CONVERSION = YES;
				CLANG_WARN_OBJC_ROOT_CLASS = YES_ERROR;
				CLANG_WARN_RANGE_LOOP_ANALYSIS = YES;
				CLANG_WARN_STRICT_PROTOTYPES = YES;
				CLANG_WARN_SUSPICIOUS_MOVE = YES;
				CLANG_WARN_UNGUARDED_AVAILABILITY = YES_AGGRESSIVE;
				CLANG_WARN_UNREACHABLE_CODE = YES;
				CLANG_WARN__DUPLICATE_METHOD_MATCH = YES;
				CODE_SIGN_IDENTITY = "iPhone Developer";
				COPY_PHASE_STRIP = NO;
				DEBUG_INFORMATION_FORMAT = dwarf;
				ENABLE_STRICT_OBJC_MSGSEND = YES;
				ENABLE_TESTABILITY = YES;
				GCC_C_LANGUAGE_STANDARD = gnu11;
				GCC_DYNAMIC_NO_PIC = NO;
				GCC_NO_COMMON_BLOCKS = YES;
				GCC_OPTIMIZATION_LEVEL = 0;
				GCC_PREPROCESSOR_DEFINITIONS = (
					"DEBUG=1",
					"$(inherited)",
				);
				GCC_WARN_64_TO_32_BIT_CONVERSION = YES;
				GCC_WARN_ABOUT_RETURN_TYPE = YES_ERROR;
				GCC_WARN_UNDECLARED_SELECTOR = YES;
				GCC_WARN_UNINITIALIZED_AUTOS = YES_AGGRESSIVE;
				GCC_WARN_UNUSED_FUNCTION = YES;
				GCC_WARN_UNUSED_VARIABLE = YES;
				IPHONEOS_DEPLOYMENT_TARGET = 11.0;
				MTL_ENABLE_DEBUG_INFO = YES;
				ONLY_ACTIVE_ARCH = YES;
				SDKROOT = iphoneos;
				SWIFT_ACTIVE_COMPILATION_CONDITIONS = DEBUG;
				SWIFT_OPTIMIZATION_LEVEL = "-Onone";
			};
			name = Debug;
		};
		0F71E0FC1F8D41EC003D9128 /* Release */ = {
			isa = XCBuildConfiguration;
			buildSettings = {
				ALWAYS_SEARCH_USER_PATHS = NO;
				CLANG_ANALYZER_NONNULL = YES;
				CLANG_ANALYZER_NUMBER_OBJECT_CONVERSION = YES_AGGRESSIVE;
				CLANG_CXX_LANGUAGE_STANDARD = "gnu++14";
				CLANG_CXX_LIBRARY = "libc++";
				CLANG_ENABLE_MODULES = YES;
				CLANG_ENABLE_OBJC_ARC = YES;
				CLANG_WARN_BLOCK_CAPTURE_AUTORELEASING = YES;
				CLANG_WARN_BOOL_CONVERSION = YES;
				CLANG_WARN_COMMA = YES;
				CLANG_WARN_CONSTANT_CONVERSION = YES;
				CLANG_WARN_DIRECT_OBJC_ISA_USAGE = YES_ERROR;
				CLANG_WARN_DOCUMENTATION_COMMENTS = YES;
				CLANG_WARN_EMPTY_BODY = YES;
				CLANG_WARN_ENUM_CONVERSION = YES;
				CLANG_WARN_INFINITE_RECURSION = YES;
				CLANG_WARN_INT_CONVERSION = YES;
				CLANG_WARN_NON_LITERAL_NULL_CONVERSION = YES;
				CLANG_WARN_OBJC_LITERAL_CONVERSION = YES;
				CLANG_WARN_OBJC_ROOT_CLASS = YES_ERROR;
				CLANG_WARN_RANGE_LOOP_ANALYSIS = YES;
				CLANG_WARN_STRICT_PROTOTYPES = YES;
				CLANG_WARN_SUSPICIOUS_MOVE = YES;
				CLANG_WARN_UNGUARDED_AVAILABILITY = YES_AGGRESSIVE;
				CLANG_WARN_UNREACHABLE_CODE = YES;
				CLANG_WARN__DUPLICATE_METHOD_MATCH = YES;
				CODE_SIGN_IDENTITY = "iPhone Developer";
				COPY_PHASE_STRIP = NO;
				DEBUG_INFORMATION_FORMAT = "dwarf-with-dsym";
				ENABLE_NS_ASSERTIONS = NO;
				ENABLE_STRICT_OBJC_MSGSEND = YES;
				GCC_C_LANGUAGE_STANDARD = gnu11;
				GCC_NO_COMMON_BLOCKS = YES;
				GCC_WARN_64_TO_32_BIT_CONVERSION = YES;
				GCC_WARN_ABOUT_RETURN_TYPE = YES_ERROR;
				GCC_WARN_UNDECLARED_SELECTOR = YES;
				GCC_WARN_UNINITIALIZED_AUTOS = YES_AGGRESSIVE;
				GCC_WARN_UNUSED_FUNCTION = YES;
				GCC_WARN_UNUSED_VARIABLE = YES;
				IPHONEOS_DEPLOYMENT_TARGET = 11.0;
				MTL_ENABLE_DEBUG_INFO = NO;
				SDKROOT = iphoneos;
				SWIFT_OPTIMIZATION_LEVEL = "-Owholemodule";
				VALIDATE_PRODUCT = YES;
			};
			name = Release;
		};
		0F71E0FE1F8D41EC003D9128 /* Debug */ = {
			isa = XCBuildConfiguration;
			baseConfigurationReference = 80FB3EA2B81F02A385C06621 /* Pods-LetMeRecipe.debug.xcconfig */;
			buildSettings = {
				ASSETCATALOG_COMPILER_APPICON_NAME = AppIcon;
				CODE_SIGN_STYLE = Automatic;
				DEVELOPMENT_TEAM = 847623UFJR;
				INFOPLIST_FILE = LetMeRecipe/Info.plist;
				LD_RUNPATH_SEARCH_PATHS = "$(inherited) @executable_path/Frameworks";
				PRODUCT_BUNDLE_IDENTIFIER = com.ljubinkovicd.LetMeRecipe;
				PRODUCT_NAME = "$(TARGET_NAME)";
				SWIFT_VERSION = 4.0;
				TARGETED_DEVICE_FAMILY = "1,2";
			};
			name = Debug;
		};
		0F71E0FF1F8D41EC003D9128 /* Release */ = {
			isa = XCBuildConfiguration;
			baseConfigurationReference = C3A3552D3819FF6AC1E73A09 /* Pods-LetMeRecipe.release.xcconfig */;
			buildSettings = {
				ASSETCATALOG_COMPILER_APPICON_NAME = AppIcon;
				CODE_SIGN_STYLE = Automatic;
				DEVELOPMENT_TEAM = 847623UFJR;
				INFOPLIST_FILE = LetMeRecipe/Info.plist;
				LD_RUNPATH_SEARCH_PATHS = "$(inherited) @executable_path/Frameworks";
				PRODUCT_BUNDLE_IDENTIFIER = com.ljubinkovicd.LetMeRecipe;
				PRODUCT_NAME = "$(TARGET_NAME)";
				SWIFT_VERSION = 4.0;
				TARGETED_DEVICE_FAMILY = "1,2";
			};
			name = Release;
		};
		0F71E1011F8D41EC003D9128 /* Debug */ = {
			isa = XCBuildConfiguration;
			baseConfigurationReference = DE2C83C7D02FCF2BB083190D /* Pods-LetMeRecipeTests.debug.xcconfig */;
			buildSettings = {
				ALWAYS_EMBED_SWIFT_STANDARD_LIBRARIES = YES;
				BUNDLE_LOADER = "$(TEST_HOST)";
				CODE_SIGN_STYLE = Automatic;
				DEVELOPMENT_TEAM = 847623UFJR;
				INFOPLIST_FILE = LetMeRecipeTests/Info.plist;
				LD_RUNPATH_SEARCH_PATHS = "$(inherited) @executable_path/Frameworks @loader_path/Frameworks";
				PRODUCT_BUNDLE_IDENTIFIER = com.ljubinkovicd.LetMeRecipeTests;
				PRODUCT_NAME = "$(TARGET_NAME)";
				SWIFT_VERSION = 4.0;
				TARGETED_DEVICE_FAMILY = "1,2";
				TEST_HOST = "$(BUILT_PRODUCTS_DIR)/LetMeRecipe.app/LetMeRecipe";
			};
			name = Debug;
		};
		0F71E1021F8D41EC003D9128 /* Release */ = {
			isa = XCBuildConfiguration;
			baseConfigurationReference = 21BFF4284403B555732FF3F2 /* Pods-LetMeRecipeTests.release.xcconfig */;
			buildSettings = {
				ALWAYS_EMBED_SWIFT_STANDARD_LIBRARIES = YES;
				BUNDLE_LOADER = "$(TEST_HOST)";
				CODE_SIGN_STYLE = Automatic;
				DEVELOPMENT_TEAM = 847623UFJR;
				INFOPLIST_FILE = LetMeRecipeTests/Info.plist;
				LD_RUNPATH_SEARCH_PATHS = "$(inherited) @executable_path/Frameworks @loader_path/Frameworks";
				PRODUCT_BUNDLE_IDENTIFIER = com.ljubinkovicd.LetMeRecipeTests;
				PRODUCT_NAME = "$(TARGET_NAME)";
				SWIFT_VERSION = 4.0;
				TARGETED_DEVICE_FAMILY = "1,2";
				TEST_HOST = "$(BUILT_PRODUCTS_DIR)/LetMeRecipe.app/LetMeRecipe";
			};
			name = Release;
		};
		0F71E1041F8D41EC003D9128 /* Debug */ = {
			isa = XCBuildConfiguration;
			baseConfigurationReference = BF4BAA37B7C2B649C9F2CE22 /* Pods-LetMeRecipeUITests.debug.xcconfig */;
			buildSettings = {
				ALWAYS_EMBED_SWIFT_STANDARD_LIBRARIES = YES;
				CODE_SIGN_STYLE = Automatic;
				DEVELOPMENT_TEAM = 847623UFJR;
				INFOPLIST_FILE = LetMeRecipeUITests/Info.plist;
				LD_RUNPATH_SEARCH_PATHS = "$(inherited) @executable_path/Frameworks @loader_path/Frameworks";
				PRODUCT_BUNDLE_IDENTIFIER = com.ljubinkovicd.LetMeRecipeUITests;
				PRODUCT_NAME = "$(TARGET_NAME)";
				SWIFT_VERSION = 4.0;
				TARGETED_DEVICE_FAMILY = "1,2";
				TEST_TARGET_NAME = LetMeRecipe;
			};
			name = Debug;
		};
		0F71E1051F8D41EC003D9128 /* Release */ = {
			isa = XCBuildConfiguration;
			baseConfigurationReference = 411AF0DFDC6DB953681D7A0D /* Pods-LetMeRecipeUITests.release.xcconfig */;
			buildSettings = {
				ALWAYS_EMBED_SWIFT_STANDARD_LIBRARIES = YES;
				CODE_SIGN_STYLE = Automatic;
				DEVELOPMENT_TEAM = 847623UFJR;
				INFOPLIST_FILE = LetMeRecipeUITests/Info.plist;
				LD_RUNPATH_SEARCH_PATHS = "$(inherited) @executable_path/Frameworks @loader_path/Frameworks";
				PRODUCT_BUNDLE_IDENTIFIER = com.ljubinkovicd.LetMeRecipeUITests;
				PRODUCT_NAME = "$(TARGET_NAME)";
				SWIFT_VERSION = 4.0;
				TARGETED_DEVICE_FAMILY = "1,2";
				TEST_TARGET_NAME = LetMeRecipe;
			};
			name = Release;
		};
/* End XCBuildConfiguration section */

/* Begin XCConfigurationList section */
		0F71E0D01F8D41EB003D9128 /* Build configuration list for PBXProject "LetMeRecipe" */ = {
			isa = XCConfigurationList;
			buildConfigurations = (
				0F71E0FB1F8D41EC003D9128 /* Debug */,
				0F71E0FC1F8D41EC003D9128 /* Release */,
			);
			defaultConfigurationIsVisible = 0;
			defaultConfigurationName = Release;
		};
		0F71E0FD1F8D41EC003D9128 /* Build configuration list for PBXNativeTarget "LetMeRecipe" */ = {
			isa = XCConfigurationList;
			buildConfigurations = (
				0F71E0FE1F8D41EC003D9128 /* Debug */,
				0F71E0FF1F8D41EC003D9128 /* Release */,
			);
			defaultConfigurationIsVisible = 0;
			defaultConfigurationName = Release;
		};
		0F71E1001F8D41EC003D9128 /* Build configuration list for PBXNativeTarget "LetMeRecipeTests" */ = {
			isa = XCConfigurationList;
			buildConfigurations = (
				0F71E1011F8D41EC003D9128 /* Debug */,
				0F71E1021F8D41EC003D9128 /* Release */,
			);
			defaultConfigurationIsVisible = 0;
			defaultConfigurationName = Release;
		};
		0F71E1031F8D41EC003D9128 /* Build configuration list for PBXNativeTarget "LetMeRecipeUITests" */ = {
			isa = XCConfigurationList;
			buildConfigurations = (
				0F71E1041F8D41EC003D9128 /* Debug */,
				0F71E1051F8D41EC003D9128 /* Release */,
			);
			defaultConfigurationIsVisible = 0;
			defaultConfigurationName = Release;
		};
/* End XCConfigurationList section */
	};
	rootObject = 0F71E0CD1F8D41EB003D9128 /* Project object */;
}
